
Microsoft Visual Studio Solution File, Format Version 12.00
# Visual Studio Version 16
VisualStudioVersion = 16.0.34031.81
MinimumVisualStudioVersion = 10.0.40219.1
Project("{FAE04EC0-301F-11D3-BF4B-00C04F79EFBC}") = "KPaYSanHy_01_2321160055", "KPaYSanHy_01_2321160055\KPaYSanHy_01_2321160055.csproj", "{961B14AC-B3DF-4BDB-863D-B476EEDCD40C}"
EndProject
Global
	GlobalSection(SolutionConfigurationPlatforms) = preSolution
		Debug|Any CPU = Debug|Any CPU
		Release|Any CPU = Release|Any CPU
	EndGlobalSection
	GlobalSection(ProjectConfigurationPlatforms) = postSolution
		{961B14AC-B3DF-4BDB-863D-B476EEDCD40C}.Debug|Any CPU.ActiveCfg = Debug|Any CPU
		{961B14AC-B3DF-4BDB-863D-B476EEDCD40C}.Debug|Any CPU.Build.0 = Debug|Any CPU
		{961B14AC-B3DF-4BDB-863D-B476EEDCD40C}.Release|Any CPU.ActiveCfg = Release|Any CPU
		{961B14AC-B3DF-4BDB-863D-B476EEDCD40C}.Release|Any CPU.Build.0 = Release|Any CPU
	EndGlobalSection
	GlobalSection(SolutionProperties) = preSolution
		HideSolutionNode = FALSE
	EndGlobalSection
	GlobalSection(ExtensibilityGlobals) = postSolution
		SolutionGuid = {D069C8A6-5159-4F88-A642-5C707F51BB0D}
	EndGlobalSection
EndGlobal
